
Microsoft Visual Studio Solution File, Format Version 12.00
# Visual Studio Version 17
VisualStudioVersion = 17.14.36804.6 d17.14
MinimumVisualStudioVersion = 10.0.40219.1
Project("{FAE04EC0-301F-11D3-BF4B-00C04F79EFBC}") = "MinimalAPI", "MinimalAPI\MinimalAPI.csproj", "{73C3D549-E0D7-4E74-9FF7-2DF45AB258B3}"
EndProject
Global
	GlobalSection(SolutionConfigurationPlatforms) = preSolution
		Debug|Any CPU = Debug|Any CPU
		Release|Any CPU = Release|Any CPU
	EndGlobalSection
	GlobalSection(ProjectConfigurationPlatforms) = postSolution
		{73C3D549-E0D7-4E74-9FF7-2DF45AB258B3}.Debug|Any CPU.ActiveCfg = Debug|Any CPU
		{73C3D549-E0D7-4E74-9FF7-2DF45AB258B3}.Debug|Any CPU.Build.0 = Debug|Any CPU
		{73C3D549-E0D7-4E74-9FF7-2DF45AB258B3}.Release|Any CPU.ActiveCfg = Release|Any CPU
		{73C3D549-E0D7-4E74-9FF7-2DF45AB258B3}.Release|Any CPU.Build.0 = Release|Any CPU
	EndGlobalSection
	GlobalSection(SolutionProperties) = preSolution
		HideSolutionNode = FALSE
	EndGlobalSection
	GlobalSection(ExtensibilityGlobals) = postSolution
		SolutionGuid = {7A6AC919-FA80-4278-A774-C67FB30E9F5F}
	EndGlobalSection
EndGlobal
